
Microsoft Visual Studio Solution File, Format Version 12.00
# Visual Studio Version 17
VisualStudioVersion = 17.7.34003.232
MinimumVisualStudioVersion = 10.0.40219.1
Project("{9A19103F-16F7-4668-BE54-9A1E7A4F7556}") = "SIstema_Venda_SI", "SIstema_Venda_SI\SIstema_Venda_SI.csproj", "{797DC74A-9E15-4EFF-9747-494545931F49}"
EndProject
Project("{9A19103F-16F7-4668-BE54-9A1E7A4F7556}") = "Sistema_Venda_SI.Model", "Sistema_Venda_SI.Model\Sistema_Venda_SI.Model.csproj", "{8120EDF0-D2FF-4CCC-B8BA-10E9C4E5CEFA}"
EndProject
Project("{9A19103F-16F7-4668-BE54-9A1E7A4F7556}") = "Sistema_Venda.React", "Sistema_Venda.React\Sistema_Venda.React.csproj", "{A6D99BB0-4E4B-4C80-96CB-246AC7685B02}"
EndProject
Global
	GlobalSection(SolutionConfigurationPlatforms) = preSolution
		Debug|Any CPU = Debug|Any CPU
		Release|Any CPU = Release|Any CPU
	EndGlobalSection
	GlobalSection(ProjectConfigurationPlatforms) = postSolution
		{797DC74A-9E15-4EFF-9747-494545931F49}.Debug|Any CPU.ActiveCfg = Debug|Any CPU
		{797DC74A-9E15-4EFF-9747-494545931F49}.Debug|Any CPU.Build.0 = Debug|Any CPU
		{797DC74A-9E15-4EFF-9747-494545931F49}.Release|Any CPU.ActiveCfg = Release|Any CPU
		{797DC74A-9E15-4EFF-9747-494545931F49}.Release|Any CPU.Build.0 = Release|Any CPU
		{8120EDF0-D2FF-4CCC-B8BA-10E9C4E5CEFA}.Debug|Any CPU.ActiveCfg = Debug|Any CPU
		{8120EDF0-D2FF-4CCC-B8BA-10E9C4E5CEFA}.Debug|Any CPU.Build.0 = Debug|Any CPU
		{8120EDF0-D2FF-4CCC-B8BA-10E9C4E5CEFA}.Release|Any CPU.ActiveCfg = Release|Any CPU
		{8120EDF0-D2FF-4CCC-B8BA-10E9C4E5CEFA}.Release|Any CPU.Build.0 = Release|Any CPU
		{A6D99BB0-4E4B-4C80-96CB-246AC7685B02}.Debug|Any CPU.ActiveCfg = Debug|Any CPU
		{A6D99BB0-4E4B-4C80-96CB-246AC7685B02}.Debug|Any CPU.Build.0 = Debug|Any CPU
		{A6D99BB0-4E4B-4C80-96CB-246AC7685B02}.Debug|Any CPU.Deploy.0 = Debug|Any CPU
		{A6D99BB0-4E4B-4C80-96CB-246AC7685B02}.Release|Any CPU.ActiveCfg = Release|Any CPU
		{A6D99BB0-4E4B-4C80-96CB-246AC7685B02}.Release|Any CPU.Build.0 = Release|Any CPU
		{A6D99BB0-4E4B-4C80-96CB-246AC7685B02}.Release|Any CPU.Deploy.0 = Release|Any CPU
	EndGlobalSection
	GlobalSection(SolutionProperties) = preSolution
		HideSolutionNode = FALSE
	EndGlobalSection
	GlobalSection(ExtensibilityGlobals) = postSolution
		SolutionGuid = {3BDD0BB1-A3A6-4942-A0B6-764761DCF67D}
	EndGlobalSection
EndGlobal
